# This file was autogenerated by Stack.
# You should not edit this file by hand.
# For more information, please see the documentation at:
#   https://docs.haskellstack.org/en/stable/lock_files

packages:
- completed:
    hackage: hxt-9.3.1.18@sha256:0bff7af7d7fb0a5921d7512781a0aa8cec76ea9fb9c4e41c4775ad4f68782047,9589
    pantry-tree:
      size: 10091
      sha256: 8c69ca5e2ae4718dd4c66899a1f7bc00f99653b9a45a8efee509ac07c8933c5a
  original:
    hackage: hxt-9.3.1.18
- completed:
    hackage: hspec-2.7.4@sha256:8d0430e4a7ba8fa1482a1766fd4973f0c5e7c5adf512bded7358269bb9486c9e,1692
    pantry-tree:
      size: 532
      sha256: 6a6ba1798090ee6245f5995303b6ccf1afea26c73d4e69b95330c8914056d420
  original:
    hackage: hspec-2.7.4
- completed:
    hackage: MissingH-1.4.3.0@sha256:7136282773f7b3e7ce3af856b41dde98a04f9b03c51813c98d040fc060dcaa53,4650
    pantry-tree:
      size: 5271
      sha256: b8e1b8f04bde976538303752932ad6a9ada1eacaa1c28fdb514022fc62be80d6
  original:
    hackage: MissingH-1.4.3.0
- completed:
    hackage: html-entity-0.1.3.0@sha256:5dd3aba7a5ce61bee0491a4c8f8bd7ee830f327b9acce3a9a08bdf6745464723,1862
    pantry-tree:
      size: 585
      sha256: 45254cfa27283112d8211c0699e03ba3affd3caa25f12b8bf3be60d0a59791b6
  original:
    hackage: html-entity-0.1.3.0
- completed:
    hackage: random-1.2.0@sha256:1e8140229d21489228aa79b820c23259f3c3a1b86e13e6f9c2ad0c48d86d1912,6094
    pantry-tree:
      size: 1259
      sha256: 20fadca2f3ea21eafc87f0d516045a18c19348ef85303f5a5e85662a55975170
  original:
    hackage: random-1.2.0
- completed:
    hackage: process-1.6.9.0@sha256:372de796fea9d40e6d02269d5df466c9b8d641f145fad3c1add59db7baeea19e,2576
    pantry-tree:
      size: 1211
      sha256: 9d21df864535dcc65e11fd108c4678fdadf2d53bb9ffd1fda142369c797f31c1
  original:
    hackage: process-1.6.9.0
snapshots:
- completed:
    size: 532835
    url: https://raw.githubusercontent.com/commercialhaskell/stackage-snapshots/master/lts/16/24.yaml
    sha256: cf2b52420b2262fe9cf0f6744929120131abd6675b1c3fb2d8b155a47f80d103
  original:
    url: https://raw.githubusercontent.com/commercialhaskell/stackage-snapshots/master/lts/16/24.yaml
